
Microsoft Visual Studio Solution File, Format Version 12.00
# Visual Studio Version 17
VisualStudioVersion = 17.11.35327.3
MinimumVisualStudioVersion = 10.0.40219.1
Project("{F184B08F-C81C-45F6-A57F-5ABD9991F28F}") = "learn-crud-week-12", "learn-crud-week-12.vbproj", "{93E40131-CD11-406C-9FC9-9B10CB34E7E1}"
EndProject
Global
	GlobalSection(SolutionConfigurationPlatforms) = preSolution
		Debug|Any CPU = Debug|Any CPU
		Release|Any CPU = Release|Any CPU
	EndGlobalSection
	GlobalSection(ProjectConfigurationPlatforms) = postSolution
		{93E40131-CD11-406C-9FC9-9B10CB34E7E1}.Debug|Any CPU.ActiveCfg = Debug|Any CPU
		{93E40131-CD11-406C-9FC9-9B10CB34E7E1}.Debug|Any CPU.Build.0 = Debug|Any CPU
		{93E40131-CD11-406C-9FC9-9B10CB34E7E1}.Release|Any CPU.ActiveCfg = Release|Any CPU
		{93E40131-CD11-406C-9FC9-9B10CB34E7E1}.Release|Any CPU.Build.0 = Release|Any CPU
	EndGlobalSection
	GlobalSection(SolutionProperties) = preSolution
		HideSolutionNode = FALSE
	EndGlobalSection
	GlobalSection(ExtensibilityGlobals) = postSolution
		SolutionGuid = {0A717033-7393-4779-86AF-A3E85475FDF1}
	EndGlobalSection
EndGlobal
